
Microsoft Visual Studio Solution File, Format Version 12.00
# Visual Studio Version 16
VisualStudioVersion = 16.0.30804.86
MinimumVisualStudioVersion = 10.0.40219.1
Project("{FAE04EC0-301F-11D3-BF4B-00C04F79EFBC}") = "IlliaShakin_S00188372", "IlliaShakin_S00188372\IlliaShakin_S00188372.csproj", "{17187600-7844-46B9-81C2-BA81973A92B6}"
EndProject
Project("{FAE04EC0-301F-11D3-BF4B-00C04F79EFBC}") = "UnitTestProject1", "UnitTestProject1\UnitTestProject1.csproj", "{40989825-2645-46F8-8253-CD590D8E496B}"
EndProject
Global
	GlobalSection(SolutionConfigurationPlatforms) = preSolution
		Debug|Any CPU = Debug|Any CPU
		Release|Any CPU = Release|Any CPU
	EndGlobalSection
	GlobalSection(ProjectConfigurationPlatforms) = postSolution
		{17187600-7844-46B9-81C2-BA81973A92B6}.Debug|Any CPU.ActiveCfg = Debug|Any CPU
		{17187600-7844-46B9-81C2-BA81973A92B6}.Debug|Any CPU.Build.0 = Debug|Any CPU
		{17187600-7844-46B9-81C2-BA81973A92B6}.Release|Any CPU.ActiveCfg = Release|Any CPU
		{17187600-7844-46B9-81C2-BA81973A92B6}.Release|Any CPU.Build.0 = Release|Any CPU
		{40989825-2645-46F8-8253-CD590D8E496B}.Debug|Any CPU.ActiveCfg = Debug|Any CPU
		{40989825-2645-46F8-8253-CD590D8E496B}.Debug|Any CPU.Build.0 = Debug|Any CPU
		{40989825-2645-46F8-8253-CD590D8E496B}.Release|Any CPU.ActiveCfg = Release|Any CPU
		{40989825-2645-46F8-8253-CD590D8E496B}.Release|Any CPU.Build.0 = Release|Any CPU
	EndGlobalSection
	GlobalSection(SolutionProperties) = preSolution
		HideSolutionNode = FALSE
	EndGlobalSection
	GlobalSection(ExtensibilityGlobals) = postSolution
		SolutionGuid = {90AE19CC-8D30-4F48-AEA4-39B6799B6A06}
	EndGlobalSection
EndGlobal
